// !$*UTF8*$!
{
	archiveVersion = 1;
	classes = {
	};
	objectVersion = 56;
	objects = {

/* Begin PBXBuildFile section */
		CD2080512943A2BB004AC69F /* MyCarrotItemDelegate.swift in Sources */ = {isa = PBXBuildFile; fileRef = CD2080502943A2BB004AC69F /* MyCarrotItemDelegate.swift */; };
		CD2B04172943980000CBD64E /* MyCarrotDataManager.swift in Sources */ = {isa = PBXBuildFile; fileRef = CD2B04162943980000CBD64E /* MyCarrotDataManager.swift */; };
		CD2B041A29439AE100CBD64E /* UserSectionCell.swift in Sources */ = {isa = PBXBuildFile; fileRef = CD2B041829439AE100CBD64E /* UserSectionCell.swift */; };
		CD2B041B29439AE100CBD64E /* UserSectionCell.xib in Resources */ = {isa = PBXBuildFile; fileRef = CD2B041929439AE100CBD64E /* UserSectionCell.xib */; };
		CD3A5AD7293DEB75004182C8 /* AppDelegate.swift in Sources */ = {isa = PBXBuildFile; fileRef = CD3A5AD6293DEB75004182C8 /* AppDelegate.swift */; };
		CD3A5AD9293DEB75004182C8 /* SceneDelegate.swift in Sources */ = {isa = PBXBuildFile; fileRef = CD3A5AD8293DEB75004182C8 /* SceneDelegate.swift */; };
		CD3A5ADB293DEB75004182C8 /* HomeViewController.swift in Sources */ = {isa = PBXBuildFile; fileRef = CD3A5ADA293DEB75004182C8 /* HomeViewController.swift */; };
		CD3A5ADE293DEB75004182C8 /* Main.storyboard in Resources */ = {isa = PBXBuildFile; fileRef = CD3A5ADC293DEB75004182C8 /* Main.storyboard */; };
		CD3A5AE0293DEB75004182C8 /* Assets.xcassets in Resources */ = {isa = PBXBuildFile; fileRef = CD3A5ADF293DEB75004182C8 /* Assets.xcassets */; };
		CD3A5AE3293DEB75004182C8 /* LaunchScreen.storyboard in Resources */ = {isa = PBXBuildFile; fileRef = CD3A5AE1293DEB75004182C8 /* LaunchScreen.storyboard */; };
		CD3A5AF0293DEC16004182C8 /* TownViewController.swift in Sources */ = {isa = PBXBuildFile; fileRef = CD3A5AEF293DEC16004182C8 /* TownViewController.swift */; };
		CD3A5AF2293DEC2B004182C8 /* PlaceViewController.swift in Sources */ = {isa = PBXBuildFile; fileRef = CD3A5AF1293DEC2B004182C8 /* PlaceViewController.swift */; };
		CD3A5AF4293DEC37004182C8 /* ChatViewController.swift in Sources */ = {isa = PBXBuildFile; fileRef = CD3A5AF3293DEC37004182C8 /* ChatViewController.swift */; };
		CD3A5AF6293DEC3D004182C8 /* MyCarrotViewController.swift in Sources */ = {isa = PBXBuildFile; fileRef = CD3A5AF5293DEC3D004182C8 /* MyCarrotViewController.swift */; };
		CD3A5AFD293DF25B004182C8 /* ItemCell.swift in Sources */ = {isa = PBXBuildFile; fileRef = CD3A5AFB293DF25B004182C8 /* ItemCell.swift */; };
		CD3A5AFE293DF25B004182C8 /* ItemCell.xib in Resources */ = {isa = PBXBuildFile; fileRef = CD3A5AFC293DF25B004182C8 /* ItemCell.xib */; };
		CD3A5B00293DF629004182C8 /* TradeItemModel.swift in Sources */ = {isa = PBXBuildFile; fileRef = CD3A5AFF293DF629004182C8 /* TradeItemModel.swift */; };
		CD3A5B02293DF735004182C8 /* TradeItemLogic.swift in Sources */ = {isa = PBXBuildFile; fileRef = CD3A5B01293DF735004182C8 /* TradeItemLogic.swift */; };
		CD76D333293E1FF300BF50FB /* EditViewController.swift in Sources */ = {isa = PBXBuildFile; fileRef = CD76D332293E1FF300BF50FB /* EditViewController.swift */; };
		CD9C51A2293E604B004E2430 /* Extension+UITextField.swift in Sources */ = {isa = PBXBuildFile; fileRef = CD9C51A1293E604B004E2430 /* Extension+UITextField.swift */; };
		CD9C51A42940229C004E2430 /* DetailViewController.swift in Sources */ = {isa = PBXBuildFile; fileRef = CD9C51A32940229C004E2430 /* DetailViewController.swift */; };
		CD9C51A6294026F0004E2430 /* Extension+NavigationController.swift in Sources */ = {isa = PBXBuildFile; fileRef = CD9C51A5294026F0004E2430 /* Extension+NavigationController.swift */; };
		CDAC5C232941C605008F28CF /* EditViewControllerDelegate.swift in Sources */ = {isa = PBXBuildFile; fileRef = CDAC5C222941C605008F28CF /* EditViewControllerDelegate.swift */; };
		CDAC5C2629421399008F28CF /* CategoryPickViewController.swift in Sources */ = {isa = PBXBuildFile; fileRef = CDAC5C2529421399008F28CF /* CategoryPickViewController.swift */; };
		CDAC5C28294213FC008F28CF /* CategoryPickCell.swift in Sources */ = {isa = PBXBuildFile; fileRef = CDAC5C27294213FC008F28CF /* CategoryPickCell.swift */; };
		CDAC5C2A2942176C008F28CF /* CategoryPickDelegate.swift in Sources */ = {isa = PBXBuildFile; fileRef = CDAC5C292942176C008F28CF /* CategoryPickDelegate.swift */; };
		CDAC5C2E29421AF9008F28CF /* MyCarrotModel.swift in Sources */ = {isa = PBXBuildFile; fileRef = CDAC5C2D29421AF9008F28CF /* MyCarrotModel.swift */; };
		CDAC5C3129421B93008F28CF /* MyItemViewController.swift in Sources */ = {isa = PBXBuildFile; fileRef = CDAC5C3029421B93008F28CF /* MyItemViewController.swift */; };
		CDAC5C3329421DFD008F28CF /* UserInfo.swift in Sources */ = {isa = PBXBuildFile; fileRef = CDAC5C3229421DFD008F28CF /* UserInfo.swift */; };
		CDAC5C3529422562008F28CF /* ModifyButtonDelegate.swift in Sources */ = {isa = PBXBuildFile; fileRef = CDAC5C3429422562008F28CF /* ModifyButtonDelegate.swift */; };
		CDAC5C372942F3AD008F28CF /* MainTabBarController.swift in Sources */ = {isa = PBXBuildFile; fileRef = CDAC5C362942F3AD008F28CF /* MainTabBarController.swift */; };
		CDAC5C392942F86A008F28CF /* UIBarButtonItem.swift in Sources */ = {isa = PBXBuildFile; fileRef = CDAC5C382942F86A008F28CF /* UIBarButtonItem.swift */; };
		CDAC5C3E2943966F008F28CF /* MyCarrotListCell.swift in Sources */ = {isa = PBXBuildFile; fileRef = CDAC5C3C2943966F008F28CF /* MyCarrotListCell.swift */; };
		CDAC5C3F2943966F008F28CF /* MyCarrotListCell.xib in Resources */ = {isa = PBXBuildFile; fileRef = CDAC5C3D2943966F008F28CF /* MyCarrotListCell.xib */; };
		D7A1BB822EC1CEF3B3DB9F0D /* Pods_CarrotClone.framework in Frameworks */ = {isa = PBXBuildFile; fileRef = 7F76BF0B80340F4ECA10B901 /* Pods_CarrotClone.framework */; };
/* End PBXBuildFile section */

/* Begin PBXFileReference section */
		7F76BF0B80340F4ECA10B901 /* Pods_CarrotClone.framework */ = {isa = PBXFileReference; explicitFileType = wrapper.framework; includeInIndex = 0; path = Pods_CarrotClone.framework; sourceTree = BUILT_PRODUCTS_DIR; };
		96875F8B03686AE777DDA05C /* Pods-CarrotClone.release.xcconfig */ = {isa = PBXFileReference; includeInIndex = 1; lastKnownFileType = text.xcconfig; name = "Pods-CarrotClone.release.xcconfig"; path = "Target Support Files/Pods-CarrotClone/Pods-CarrotClone.release.xcconfig"; sourceTree = "<group>"; };
		CD2080502943A2BB004AC69F /* MyCarrotItemDelegate.swift */ = {isa = PBXFileReference; lastKnownFileType = sourcecode.swift; path = MyCarrotItemDelegate.swift; sourceTree = "<group>"; };
		CD2B04162943980000CBD64E /* MyCarrotDataManager.swift */ = {isa = PBXFileReference; lastKnownFileType = sourcecode.swift; path = MyCarrotDataManager.swift; sourceTree = "<group>"; };
		CD2B041829439AE100CBD64E /* UserSectionCell.swift */ = {isa = PBXFileReference; lastKnownFileType = sourcecode.swift; path = UserSectionCell.swift; sourceTree = "<group>"; };
		CD2B041929439AE100CBD64E /* UserSectionCell.xib */ = {isa = PBXFileReference; lastKnownFileType = file.xib; path = UserSectionCell.xib; sourceTree = "<group>"; };
		CD3A5AD3293DEB75004182C8 /* CarrotClone.app */ = {isa = PBXFileReference; explicitFileType = wrapper.application; includeInIndex = 0; path = CarrotClone.app; sourceTree = BUILT_PRODUCTS_DIR; };
		CD3A5AD6293DEB75004182C8 /* AppDelegate.swift */ = {isa = PBXFileReference; lastKnownFileType = sourcecode.swift; path = AppDelegate.swift; sourceTree = "<group>"; };
		CD3A5AD8293DEB75004182C8 /* SceneDelegate.swift */ = {isa = PBXFileReference; lastKnownFileType = sourcecode.swift; path = SceneDelegate.swift; sourceTree = "<group>"; };
		CD3A5ADA293DEB75004182C8 /* HomeViewController.swift */ = {isa = PBXFileReference; lastKnownFileType = sourcecode.swift; path = HomeViewController.swift; sourceTree = "<group>"; };
		CD3A5ADD293DEB75004182C8 /* Base */ = {isa = PBXFileReference; lastKnownFileType = file.storyboard; name = Base; path = Base.lproj/Main.storyboard; sourceTree = "<group>"; };
		CD3A5ADF293DEB75004182C8 /* Assets.xcassets */ = {isa = PBXFileReference; lastKnownFileType = folder.assetcatalog; path = Assets.xcassets; sourceTree = "<group>"; };
		CD3A5AE2293DEB75004182C8 /* Base */ = {isa = PBXFileReference; lastKnownFileType = file.storyboard; name = Base; path = Base.lproj/LaunchScreen.storyboard; sourceTree = "<group>"; };
		CD3A5AE4293DEB75004182C8 /* Info.plist */ = {isa = PBXFileReference; lastKnownFileType = text.plist.xml; path = Info.plist; sourceTree = "<group>"; };
		CD3A5AEF293DEC16004182C8 /* TownViewController.swift */ = {isa = PBXFileReference; lastKnownFileType = sourcecode.swift; path = TownViewController.swift; sourceTree = "<group>"; };
		CD3A5AF1293DEC2B004182C8 /* PlaceViewController.swift */ = {isa = PBXFileReference; lastKnownFileType = sourcecode.swift; path = PlaceViewController.swift; sourceTree = "<group>"; };
		CD3A5AF3293DEC37004182C8 /* ChatViewController.swift */ = {isa = PBXFileReference; lastKnownFileType = sourcecode.swift; path = ChatViewController.swift; sourceTree = "<group>"; };
		CD3A5AF5293DEC3D004182C8 /* MyCarrotViewController.swift */ = {isa = PBXFileReference; lastKnownFileType = sourcecode.swift; path = MyCarrotViewController.swift; sourceTree = "<group>"; };
		CD3A5AFB293DF25B004182C8 /* ItemCell.swift */ = {isa = PBXFileReference; lastKnownFileType = sourcecode.swift; path = ItemCell.swift; sourceTree = "<group>"; };
		CD3A5AFC293DF25B004182C8 /* ItemCell.xib */ = {isa = PBXFileReference; lastKnownFileType = file.xib; path = ItemCell.xib; sourceTree = "<group>"; };
		CD3A5AFF293DF629004182C8 /* TradeItemModel.swift */ = {isa = PBXFileReference; lastKnownFileType = sourcecode.swift; path = TradeItemModel.swift; sourceTree = "<group>"; };
		CD3A5B01293DF735004182C8 /* TradeItemLogic.swift */ = {isa = PBXFileReference; lastKnownFileType = sourcecode.swift; path = TradeItemLogic.swift; sourceTree = "<group>"; };
		CD76D332293E1FF300BF50FB /* EditViewController.swift */ = {isa = PBXFileReference; lastKnownFileType = sourcecode.swift; path = EditViewController.swift; sourceTree = "<group>"; };
		CD9C51A1293E604B004E2430 /* Extension+UITextField.swift */ = {isa = PBXFileReference; lastKnownFileType = sourcecode.swift; path = "Extension+UITextField.swift"; sourceTree = "<group>"; };
		CD9C51A32940229C004E2430 /* DetailViewController.swift */ = {isa = PBXFileReference; lastKnownFileType = sourcecode.swift; path = DetailViewController.swift; sourceTree = "<group>"; };
		CD9C51A5294026F0004E2430 /* Extension+NavigationController.swift */ = {isa = PBXFileReference; lastKnownFileType = sourcecode.swift; path = "Extension+NavigationController.swift"; sourceTree = "<group>"; };
		CDAC5C222941C605008F28CF /* EditViewControllerDelegate.swift */ = {isa = PBXFileReference; lastKnownFileType = sourcecode.swift; path = EditViewControllerDelegate.swift; sourceTree = "<group>"; };
		CDAC5C2529421399008F28CF /* CategoryPickViewController.swift */ = {isa = PBXFileReference; lastKnownFileType = sourcecode.swift; path = CategoryPickViewController.swift; sourceTree = "<group>"; };
		CDAC5C27294213FC008F28CF /* CategoryPickCell.swift */ = {isa = PBXFileReference; lastKnownFileType = sourcecode.swift; path = CategoryPickCell.swift; sourceTree = "<group>"; };
		CDAC5C292942176C008F28CF /* CategoryPickDelegate.swift */ = {isa = PBXFileReference; lastKnownFileType = sourcecode.swift; path = CategoryPickDelegate.swift; sourceTree = "<group>"; };
		CDAC5C2D29421AF9008F28CF /* MyCarrotModel.swift */ = {isa = PBXFileReference; lastKnownFileType = sourcecode.swift; path = MyCarrotModel.swift; sourceTree = "<group>"; };
		CDAC5C3029421B93008F28CF /* MyItemViewController.swift */ = {isa = PBXFileReference; lastKnownFileType = sourcecode.swift; path = MyItemViewController.swift; sourceTree = "<group>"; };
		CDAC5C3229421DFD008F28CF /* UserInfo.swift */ = {isa = PBXFileReference; lastKnownFileType = sourcecode.swift; path = UserInfo.swift; sourceTree = "<group>"; };
		CDAC5C3429422562008F28CF /* ModifyButtonDelegate.swift */ = {isa = PBXFileReference; lastKnownFileType = sourcecode.swift; path = ModifyButtonDelegate.swift; sourceTree = "<group>"; };
		CDAC5C362942F3AD008F28CF /* MainTabBarController.swift */ = {isa = PBXFileReference; lastKnownFileType = sourcecode.swift; path = MainTabBarController.swift; sourceTree = "<group>"; };
		CDAC5C382942F86A008F28CF /* UIBarButtonItem.swift */ = {isa = PBXFileReference; lastKnownFileType = sourcecode.swift; path = UIBarButtonItem.swift; sourceTree = "<group>"; };
		CDAC5C3C2943966F008F28CF /* MyCarrotListCell.swift */ = {isa = PBXFileReference; lastKnownFileType = sourcecode.swift; path = MyCarrotListCell.swift; sourceTree = "<group>"; };
		CDAC5C3D2943966F008F28CF /* MyCarrotListCell.xib */ = {isa = PBXFileReference; lastKnownFileType = file.xib; path = MyCarrotListCell.xib; sourceTree = "<group>"; };
		E213CEEA3DAB04DEF50C9F25 /* Pods-CarrotClone.debug.xcconfig */ = {isa = PBXFileReference; includeInIndex = 1; lastKnownFileType = text.xcconfig; name = "Pods-CarrotClone.debug.xcconfig"; path = "Target Support Files/Pods-CarrotClone/Pods-CarrotClone.debug.xcconfig"; sourceTree = "<group>"; };
/* End PBXFileReference section */

/* Begin PBXFrameworksBuildPhase section */
		CD3A5AD0293DEB75004182C8 /* Frameworks */ = {
			isa = PBXFrameworksBuildPhase;
			buildActionMask = 2147483647;
			files = (
				D7A1BB822EC1CEF3B3DB9F0D /* Pods_CarrotClone.framework in Frameworks */,
			);
			runOnlyForDeploymentPostprocessing = 0;
		};
/* End PBXFrameworksBuildPhase section */

/* Begin PBXGroup section */
		5217184EA3E6255B7F64DE2D /* Frameworks */ = {
			isa = PBXGroup;
			children = (
				7F76BF0B80340F4ECA10B901 /* Pods_CarrotClone.framework */,
			);
			name = Frameworks;
			sourceTree = "<group>";
		};
		B6E60E003508B329706A6AF9 /* Pods */ = {
			isa = PBXGroup;
			children = (
				E213CEEA3DAB04DEF50C9F25 /* Pods-CarrotClone.debug.xcconfig */,
				96875F8B03686AE777DDA05C /* Pods-CarrotClone.release.xcconfig */,
			);
			path = Pods;
			sourceTree = "<group>";
		};
		CD2B041C29439AE800CBD64E /* UserSectionCell */ = {
			isa = PBXGroup;
			children = (
				CD2B041829439AE100CBD64E /* UserSectionCell.swift */,
				CD2B041929439AE100CBD64E /* UserSectionCell.xib */,
			);
			path = UserSectionCell;
			sourceTree = "<group>";
		};
		CD3A5ACA293DEB75004182C8 = {
			isa = PBXGroup;
			children = (
				CD3A5AD5293DEB75004182C8 /* CarrotClone */,
				CD3A5AD4293DEB75004182C8 /* Products */,
				B6E60E003508B329706A6AF9 /* Pods */,
				5217184EA3E6255B7F64DE2D /* Frameworks */,
			);
			sourceTree = "<group>";
		};
		CD3A5AD4293DEB75004182C8 /* Products */ = {
			isa = PBXGroup;
			children = (
				CD3A5AD3293DEB75004182C8 /* CarrotClone.app */,
			);
			name = Products;
			sourceTree = "<group>";
		};
		CD3A5AD5293DEB75004182C8 /* CarrotClone */ = {
			isa = PBXGroup;
			children = (
				CD3A5AF9293DEC5C004182C8 /* Helper */,
				CD3A5AF8293DEC54004182C8 /* Extension */,
				CD3A5AF7293DEC48004182C8 /* Delegate */,
				CD3A5AEA293DEB9C004182C8 /* 01_Home */,
				CD3A5AEB293DEB9F004182C8 /* 02_Town */,
				CD3A5AEC293DEBA1004182C8 /* 03_Place */,
				CD3A5AED293DEBA3004182C8 /* 04_Chat */,
				CD3A5AEE293DEBA6004182C8 /* 05_MyCarrot */,
				CD76D331293E1FCB00BF50FB /* Edit */,
				CD3A5AFA293DF23A004182C8 /* Cell */,
				CD3A5ADC293DEB75004182C8 /* Main.storyboard */,
				CD3A5ADF293DEB75004182C8 /* Assets.xcassets */,
				CD3A5AE1293DEB75004182C8 /* LaunchScreen.storyboard */,
				CD3A5AE4293DEB75004182C8 /* Info.plist */,
			);
			path = CarrotClone;
			sourceTree = "<group>";
		};
		CD3A5AEA293DEB9C004182C8 /* 01_Home */ = {
			isa = PBXGroup;
			children = (
				CDAC5C2B29421A9A008F28CF /* Model */,
				CDAC5C2C29421AA4008F28CF /* Controller */,
			);
			path = 01_Home;
			sourceTree = "<group>";
		};
		CD3A5AEB293DEB9F004182C8 /* 02_Town */ = {
			isa = PBXGroup;
			children = (
				CD3A5AEF293DEC16004182C8 /* TownViewController.swift */,
			);
			path = 02_Town;
			sourceTree = "<group>";
		};
		CD3A5AEC293DEBA1004182C8 /* 03_Place */ = {
			isa = PBXGroup;
			children = (
				CD3A5AF1293DEC2B004182C8 /* PlaceViewController.swift */,
			);
			path = 03_Place;
			sourceTree = "<group>";
		};
		CD3A5AED293DEBA3004182C8 /* 04_Chat */ = {
			isa = PBXGroup;
			children = (
				CD3A5AF3293DEC37004182C8 /* ChatViewController.swift */,
			);
			path = 04_Chat;
			sourceTree = "<group>";
		};
		CD3A5AEE293DEBA6004182C8 /* 05_MyCarrot */ = {
			isa = PBXGroup;
			children = (
				CDAC5C3A29439634008F28CF /* Model */,
				CDAC5C4129439682008F28CF /* View */,
				CDAC5C3B2943963E008F28CF /* Controller */,
				CDAC5C2F29421B7F008F28CF /* MyItem */,
			);
			path = 05_MyCarrot;
			sourceTree = "<group>";
		};
		CD3A5AF7293DEC48004182C8 /* Delegate */ = {
			isa = PBXGroup;
			children = (
				CD3A5AD6293DEB75004182C8 /* AppDelegate.swift */,
				CD3A5AD8293DEB75004182C8 /* SceneDelegate.swift */,
				CDAC5C222941C605008F28CF /* EditViewControllerDelegate.swift */,
				CDAC5C292942176C008F28CF /* CategoryPickDelegate.swift */,
				CDAC5C3429422562008F28CF /* ModifyButtonDelegate.swift */,
				CD2080502943A2BB004AC69F /* MyCarrotItemDelegate.swift */,
			);
			path = Delegate;
			sourceTree = "<group>";
		};
		CD3A5AF8293DEC54004182C8 /* Extension */ = {
			isa = PBXGroup;
			children = (
				CD9C51A1293E604B004E2430 /* Extension+UITextField.swift */,
				CD9C51A5294026F0004E2430 /* Extension+NavigationController.swift */,
				CDAC5C362942F3AD008F28CF /* MainTabBarController.swift */,
				CDAC5C382942F86A008F28CF /* UIBarButtonItem.swift */,
			);
			path = Extension;
			sourceTree = "<group>";
		};
		CD3A5AF9293DEC5C004182C8 /* Helper */ = {
			isa = PBXGroup;
			children = (
				CDAC5C3229421DFD008F28CF /* UserInfo.swift */,
			);
			path = Helper;
			sourceTree = "<group>";
		};
		CD3A5AFA293DF23A004182C8 /* Cell */ = {
			isa = PBXGroup;
			children = (
				CD3A5AFB293DF25B004182C8 /* ItemCell.swift */,
				CD3A5AFC293DF25B004182C8 /* ItemCell.xib */,
			);
			path = Cell;
			sourceTree = "<group>";
		};
		CD76D331293E1FCB00BF50FB /* Edit */ = {
			isa = PBXGroup;
			children = (
				CD76D332293E1FF300BF50FB /* EditViewController.swift */,
				CD9C51A32940229C004E2430 /* DetailViewController.swift */,
				CDAC5C24294202FC008F28CF /* CategoryPickView */,
			);
			path = Edit;
			sourceTree = "<group>";
		};
		CDAC5C24294202FC008F28CF /* CategoryPickView */ = {
			isa = PBXGroup;
			children = (
				CDAC5C2529421399008F28CF /* CategoryPickViewController.swift */,
				CDAC5C27294213FC008F28CF /* CategoryPickCell.swift */,
			);
			path = CategoryPickView;
			sourceTree = "<group>";
		};
		CDAC5C2B29421A9A008F28CF /* Model */ = {
			isa = PBXGroup;
			children = (
				CD3A5AFF293DF629004182C8 /* TradeItemModel.swift */,
				CD3A5B01293DF735004182C8 /* TradeItemLogic.swift */,
			);
			path = Model;
			sourceTree = "<group>";
		};
		CDAC5C2C29421AA4008F28CF /* Controller */ = {
			isa = PBXGroup;
			children = (
				CD3A5ADA293DEB75004182C8 /* HomeViewController.swift */,
			);
			path = Controller;
			sourceTree = "<group>";
		};
		CDAC5C2F29421B7F008F28CF /* MyItem */ = {
			isa = PBXGroup;
			children = (
				CDAC5C3029421B93008F28CF /* MyItemViewController.swift */,
			);
			path = MyItem;
			sourceTree = "<group>";
		};
		CDAC5C3A29439634008F28CF /* Model */ = {
			isa = PBXGroup;
			children = (
				CDAC5C2D29421AF9008F28CF /* MyCarrotModel.swift */,
				CD2B04162943980000CBD64E /* MyCarrotDataManager.swift */,
			);
			path = Model;
			sourceTree = "<group>";
		};
		CDAC5C3B2943963E008F28CF /* Controller */ = {
			isa = PBXGroup;
			children = (
				CD3A5AF5293DEC3D004182C8 /* MyCarrotViewController.swift */,
			);
			path = Controller;
			sourceTree = "<group>";
		};
		CDAC5C4029439676008F28CF /* MyCarrotListCell */ = {
			isa = PBXGroup;
			children = (
				CDAC5C3C2943966F008F28CF /* MyCarrotListCell.swift */,
				CDAC5C3D2943966F008F28CF /* MyCarrotListCell.xib */,
			);
			path = MyCarrotListCell;
			sourceTree = "<group>";
		};
		CDAC5C4129439682008F28CF /* View */ = {
			isa = PBXGroup;
			children = (
				CDAC5C4029439676008F28CF /* MyCarrotListCell */,
				CD2B041C29439AE800CBD64E /* UserSectionCell */,
			);
			path = View;
			sourceTree = "<group>";
		};
/* End PBXGroup section */

/* Begin PBXNativeTarget section */
		CD3A5AD2293DEB75004182C8 /* CarrotClone */ = {
			isa = PBXNativeTarget;
			buildConfigurationList = CD3A5AE7293DEB75004182C8 /* Build configuration list for PBXNativeTarget "CarrotClone" */;
			buildPhases = (
				538301ECDC4DD669C6D80B6B /* [CP] Check Pods Manifest.lock */,
				CD3A5ACF293DEB75004182C8 /* Sources */,
				CD3A5AD0293DEB75004182C8 /* Frameworks */,
				CD3A5AD1293DEB75004182C8 /* Resources */,
				98CF5EAFABCBE9B6AF274B0B /* [CP] Embed Pods Frameworks */,
			);
			buildRules = (
			);
			dependencies = (
			);
			name = CarrotClone;
			productName = CarrotClone;
			productReference = CD3A5AD3293DEB75004182C8 /* CarrotClone.app */;
			productType = "com.apple.product-type.application";
		};
/* End PBXNativeTarget section */

/* Begin PBXProject section */
		CD3A5ACB293DEB75004182C8 /* Project object */ = {
			isa = PBXProject;
			attributes = {
				BuildIndependentTargetsInParallel = 1;
				LastSwiftUpdateCheck = 1410;
				LastUpgradeCheck = 1410;
				TargetAttributes = {
					CD3A5AD2293DEB75004182C8 = {
						CreatedOnToolsVersion = 14.1;
					};
				};
			};
			buildConfigurationList = CD3A5ACE293DEB75004182C8 /* Build configuration list for PBXProject "CarrotClone" */;
			compatibilityVersion = "Xcode 14.0";
			developmentRegion = en;
			hasScannedForEncodings = 0;
			knownRegions = (
				en,
				Base,
			);
			mainGroup = CD3A5ACA293DEB75004182C8;
			productRefGroup = CD3A5AD4293DEB75004182C8 /* Products */;
			projectDirPath = "";
			projectRoot = "";
			targets = (
				CD3A5AD2293DEB75004182C8 /* CarrotClone */,
			);
		};
/* End PBXProject section */

/* Begin PBXResourcesBuildPhase section */
		CD3A5AD1293DEB75004182C8 /* Resources */ = {
			isa = PBXResourcesBuildPhase;
			buildActionMask = 2147483647;
			files = (
				CDAC5C3F2943966F008F28CF /* MyCarrotListCell.xib in Resources */,
				CD3A5AFE293DF25B004182C8 /* ItemCell.xib in Resources */,
				CD3A5AE3293DEB75004182C8 /* LaunchScreen.storyboard in Resources */,
				CD3A5AE0293DEB75004182C8 /* Assets.xcassets in Resources */,
				CD2B041B29439AE100CBD64E /* UserSectionCell.xib in Resources */,
				CD3A5ADE293DEB75004182C8 /* Main.storyboard in Resources */,
			);
			runOnlyForDeploymentPostprocessing = 0;
		};
/* End PBXResourcesBuildPhase section */

/* Begin PBXShellScriptBuildPhase section */
		538301ECDC4DD669C6D80B6B /* [CP] Check Pods Manifest.lock */ = {
			isa = PBXShellScriptBuildPhase;
			buildActionMask = 2147483647;
			files = (
			);
			inputFileListPaths = (
			);
			inputPaths = (
				"${PODS_PODFILE_DIR_PATH}/Podfile.lock",
				"${PODS_ROOT}/Manifest.lock",
			);
			name = "[CP] Check Pods Manifest.lock";
			outputFileListPaths = (
			);
			outputPaths = (
				"$(DERIVED_FILE_DIR)/Pods-CarrotClone-checkManifestLockResult.txt",
			);
			runOnlyForDeploymentPostprocessing = 0;
			shellPath = /bin/sh;
			shellScript = "diff \"${PODS_PODFILE_DIR_PATH}/Podfile.lock\" \"${PODS_ROOT}/Manifest.lock\" > /dev/null\nif [ $? != 0 ] ; then\n    # print error to STDERR\n    echo \"error: The sandbox is not in sync with the Podfile.lock. Run 'pod install' or update your CocoaPods installation.\" >&2\n    exit 1\nfi\n# This output is used by Xcode 'outputs' to avoid re-running this script phase.\necho \"SUCCESS\" > \"${SCRIPT_OUTPUT_FILE_0}\"\n";
			showEnvVarsInLog = 0;
		};
		98CF5EAFABCBE9B6AF274B0B /* [CP] Embed Pods Frameworks */ = {
			isa = PBXShellScriptBuildPhase;
			buildActionMask = 2147483647;
			files = (
			);
			inputFileListPaths = (
				"${PODS_ROOT}/Target Support Files/Pods-CarrotClone/Pods-CarrotClone-frameworks-${CONFIGURATION}-input-files.xcfilelist",
			);
			name = "[CP] Embed Pods Frameworks";
			outputFileListPaths = (
				"${PODS_ROOT}/Target Support Files/Pods-CarrotClone/Pods-CarrotClone-frameworks-${CONFIGURATION}-output-files.xcfilelist",
			);
			runOnlyForDeploymentPostprocessing = 0;
			shellPath = /bin/sh;
			shellScript = "\"${PODS_ROOT}/Target Support Files/Pods-CarrotClone/Pods-CarrotClone-frameworks.sh\"\n";
			showEnvVarsInLog = 0;
		};
/* End PBXShellScriptBuildPhase section */

/* Begin PBXSourcesBuildPhase section */
		CD3A5ACF293DEB75004182C8 /* Sources */ = {
			isa = PBXSourcesBuildPhase;
			buildActionMask = 2147483647;
			files = (
				CD9C51A42940229C004E2430 /* DetailViewController.swift in Sources */,
				CD3A5AFD293DF25B004182C8 /* ItemCell.swift in Sources */,
				CDAC5C3E2943966F008F28CF /* MyCarrotListCell.swift in Sources */,
				CD9C51A2293E604B004E2430 /* Extension+UITextField.swift in Sources */,
				CD3A5ADB293DEB75004182C8 /* HomeViewController.swift in Sources */,
				CDAC5C2E29421AF9008F28CF /* MyCarrotModel.swift in Sources */,
				CD3A5AF6293DEC3D004182C8 /* MyCarrotViewController.swift in Sources */,
				CDAC5C372942F3AD008F28CF /* MainTabBarController.swift in Sources */,
				CD2080512943A2BB004AC69F /* MyCarrotItemDelegate.swift in Sources */,
				CDAC5C232941C605008F28CF /* EditViewControllerDelegate.swift in Sources */,
				CD2B041A29439AE100CBD64E /* UserSectionCell.swift in Sources */,
				CD3A5AD7293DEB75004182C8 /* AppDelegate.swift in Sources */,
				CD3A5B02293DF735004182C8 /* TradeItemLogic.swift in Sources */,
				CD3A5B00293DF629004182C8 /* TradeItemModel.swift in Sources */,
				CD3A5AF0293DEC16004182C8 /* TownViewController.swift in Sources */,
				CDAC5C28294213FC008F28CF /* CategoryPickCell.swift in Sources */,
				CD3A5AF2293DEC2B004182C8 /* PlaceViewController.swift in Sources */,
				CD3A5AF4293DEC37004182C8 /* ChatViewController.swift in Sources */,
				CD2B04172943980000CBD64E /* MyCarrotDataManager.swift in Sources */,
				CD76D333293E1FF300BF50FB /* EditViewController.swift in Sources */,
				CD3A5AD9293DEB75004182C8 /* SceneDelegate.swift in Sources */,
				CDAC5C2629421399008F28CF /* CategoryPickViewController.swift in Sources */,
				CDAC5C3129421B93008F28CF /* MyItemViewController.swift in Sources */,
				CD9C51A6294026F0004E2430 /* Extension+NavigationController.swift in Sources */,
				CDAC5C3329421DFD008F28CF /* UserInfo.swift in Sources */,
				CDAC5C3529422562008F28CF /* ModifyButtonDelegate.swift in Sources */,
				CDAC5C392942F86A008F28CF /* UIBarButtonItem.swift in Sources */,
				CDAC5C2A2942176C008F28CF /* CategoryPickDelegate.swift in Sources */,
			);
			runOnlyForDeploymentPostprocessing = 0;
		};
/* End PBXSourcesBuildPhase section */

/* Begin PBXVariantGroup section */
		CD3A5ADC293DEB75004182C8 /* Main.storyboard */ = {
			isa = PBXVariantGroup;
			children = (
				CD3A5ADD293DEB75004182C8 /* Base */,
			);
			name = Main.storyboard;
			sourceTree = "<group>";
		};
		CD3A5AE1293DEB75004182C8 /* LaunchScreen.storyboard */ = {
			isa = PBXVariantGroup;
			children = (
				CD3A5AE2293DEB75004182C8 /* Base */,
			);
			name = LaunchScreen.storyboard;
			sourceTree = "<group>";
		};
/* End PBXVariantGroup section */

/* Begin XCBuildConfiguration section */
		CD3A5AE5293DEB75004182C8 /* Debug */ = {
			isa = XCBuildConfiguration;
			buildSettings = {
				ALWAYS_SEARCH_USER_PATHS = NO;
				CLANG_ANALYZER_NONNULL = YES;
				CLANG_ANALYZER_NUMBER_OBJECT_CONVERSION = YES_AGGRESSIVE;
				CLANG_CXX_LANGUAGE_STANDARD = "gnu++20";
				CLANG_ENABLE_MODULES = YES;
				CLANG_ENABLE_OBJC_ARC = YES;
				CLANG_ENABLE_OBJC_WEAK = YES;
				CLANG_WARN_BLOCK_CAPTURE_AUTORELEASING = YES;
				CLANG_WARN_BOOL_CONVERSION = YES;
				CLANG_WARN_COMMA = YES;
				CLANG_WARN_CONSTANT_CONVERSION = YES;
				CLANG_WARN_DEPRECATED_OBJC_IMPLEMENTATIONS = YES;
				CLANG_WARN_DIRECT_OBJC_ISA_USAGE = YES_ERROR;
				CLANG_WARN_DOCUMENTATION_COMMENTS = YES;
				CLANG_WARN_EMPTY_BODY = YES;
				CLANG_WARN_ENUM_CONVERSION = YES;
				CLANG_WARN_INFINITE_RECURSION = YES;
				CLANG_WARN_INT_CONVERSION = YES;
				CLANG_WARN_NON_LITERAL_NULL_CONVERSION = YES;
				CLANG_WARN_OBJC_IMPLICIT_RETAIN_SELF = YES;
				CLANG_WARN_OBJC_LITERAL_CONVERSION = YES;
				CLANG_WARN_OBJC_ROOT_CLASS = YES_ERROR;
				CLANG_WARN_QUOTED_INCLUDE_IN_FRAMEWORK_HEADER = YES;
				CLANG_WARN_RANGE_LOOP_ANALYSIS = YES;
				CLANG_WARN_STRICT_PROTOTYPES = YES;
				CLANG_WARN_SUSPICIOUS_MOVE = YES;
				CLANG_WARN_UNGUARDED_AVAILABILITY = YES_AGGRESSIVE;
				CLANG_WARN_UNREACHABLE_CODE = YES;
				CLANG_WARN__DUPLICATE_METHOD_MATCH = YES;
				COPY_PHASE_STRIP = NO;
				DEBUG_INFORMATION_FORMAT = dwarf;
				ENABLE_STRICT_OBJC_MSGSEND = YES;
				ENABLE_TESTABILITY = YES;
				GCC_C_LANGUAGE_STANDARD = gnu11;
				GCC_DYNAMIC_NO_PIC = NO;
				GCC_NO_COMMON_BLOCKS = YES;
				GCC_OPTIMIZATION_LEVEL = 0;
				GCC_PREPROCESSOR_DEFINITIONS = (
					"DEBUG=1",
					"$(inherited)",
				);
				GCC_WARN_64_TO_32_BIT_CONVERSION = YES;
				GCC_WARN_ABOUT_RETURN_TYPE = YES_ERROR;
				GCC_WARN_UNDECLARED_SELECTOR = YES;
				GCC_WARN_UNINITIALIZED_AUTOS = YES_AGGRESSIVE;
				GCC_WARN_UNUSED_FUNCTION = YES;
				GCC_WARN_UNUSED_VARIABLE = YES;
				IPHONEOS_DEPLOYMENT_TARGET = 15.0;
				MTL_ENABLE_DEBUG_INFO = INCLUDE_SOURCE;
				MTL_FAST_MATH = YES;
				ONLY_ACTIVE_ARCH = YES;
				SDKROOT = iphoneos;
				SWIFT_ACTIVE_COMPILATION_CONDITIONS = DEBUG;
				SWIFT_OPTIMIZATION_LEVEL = "-Onone";
			};
			name = Debug;
		};
		CD3A5AE6293DEB75004182C8 /* Release */ = {
			isa = XCBuildConfiguration;
			buildSettings = {
				ALWAYS_SEARCH_USER_PATHS = NO;
				CLANG_ANALYZER_NONNULL = YES;
				CLANG_ANALYZER_NUMBER_OBJECT_CONVERSION = YES_AGGRESSIVE;
				CLANG_CXX_LANGUAGE_STANDARD = "gnu++20";
				CLANG_ENABLE_MODULES = YES;
				CLANG_ENABLE_OBJC_ARC = YES;
				CLANG_ENABLE_OBJC_WEAK = YES;
				CLANG_WARN_BLOCK_CAPTURE_AUTORELEASING = YES;
				CLANG_WARN_BOOL_CONVERSION = YES;
				CLANG_WARN_COMMA = YES;
				CLANG_WARN_CONSTANT_CONVERSION = YES;
				CLANG_WARN_DEPRECATED_OBJC_IMPLEMENTATIONS = YES;
				CLANG_WARN_DIRECT_OBJC_ISA_USAGE = YES_ERROR;
				CLANG_WARN_DOCUMENTATION_COMMENTS = YES;
				CLANG_WARN_EMPTY_BODY = YES;
				CLANG_WARN_ENUM_CONVERSION = YES;
				CLANG_WARN_INFINITE_RECURSION = YES;
				CLANG_WARN_INT_CONVERSION = YES;
				CLANG_WARN_NON_LITERAL_NULL_CONVERSION = YES;
				CLANG_WARN_OBJC_IMPLICIT_RETAIN_SELF = YES;
				CLANG_WARN_OBJC_LITERAL_CONVERSION = YES;
				CLANG_WARN_OBJC_ROOT_CLASS = YES_ERROR;
				CLANG_WARN_QUOTED_INCLUDE_IN_FRAMEWORK_HEADER = YES;
				CLANG_WARN_RANGE_LOOP_ANALYSIS = YES;
				CLANG_WARN_STRICT_PROTOTYPES = YES;
				CLANG_WARN_SUSPICIOUS_MOVE = YES;
				CLANG_WARN_UNGUARDED_AVAILABILITY = YES_AGGRESSIVE;
				CLANG_WARN_UNREACHABLE_CODE = YES;
				CLANG_WARN__DUPLICATE_METHOD_MATCH = YES;
				COPY_PHASE_STRIP = NO;
				DEBUG_INFORMATION_FORMAT = "dwarf-with-dsym";
				ENABLE_NS_ASSERTIONS = NO;
				ENABLE_STRICT_OBJC_MSGSEND = YES;
				GCC_C_LANGUAGE_STANDARD = gnu11;
				GCC_NO_COMMON_BLOCKS = YES;
				GCC_WARN_64_TO_32_BIT_CONVERSION = YES;
				GCC_WARN_ABOUT_RETURN_TYPE = YES_ERROR;
				GCC_WARN_UNDECLARED_SELECTOR = YES;
				GCC_WARN_UNINITIALIZED_AUTOS = YES_AGGRESSIVE;
				GCC_WARN_UNUSED_FUNCTION = YES;
				GCC_WARN_UNUSED_VARIABLE = YES;
				IPHONEOS_DEPLOYMENT_TARGET = 15.0;
				MTL_ENABLE_DEBUG_INFO = NO;
				MTL_FAST_MATH = YES;
				SDKROOT = iphoneos;
				SWIFT_COMPILATION_MODE = wholemodule;
				SWIFT_OPTIMIZATION_LEVEL = "-O";
				VALIDATE_PRODUCT = YES;
			};
			name = Release;
		};
		CD3A5AE8293DEB75004182C8 /* Debug */ = {
			isa = XCBuildConfiguration;
			baseConfigurationReference = E213CEEA3DAB04DEF50C9F25 /* Pods-CarrotClone.debug.xcconfig */;
			buildSettings = {
				ASSETCATALOG_COMPILER_APPICON_NAME = AppIcon;
				ASSETCATALOG_COMPILER_GLOBAL_ACCENT_COLOR_NAME = AccentColor;
				CODE_SIGN_STYLE = Automatic;
				CURRENT_PROJECT_VERSION = 1;
				DEVELOPMENT_TEAM = 846TMZL7WC;
				GENERATE_INFOPLIST_FILE = YES;
				INFOPLIST_FILE = CarrotClone/Info.plist;
				INFOPLIST_KEY_UIApplicationSupportsIndirectInputEvents = YES;
				INFOPLIST_KEY_UILaunchStoryboardName = LaunchScreen;
				INFOPLIST_KEY_UIMainStoryboardFile = Main;
				INFOPLIST_KEY_UISupportedInterfaceOrientations_iPad = "UIInterfaceOrientationPortrait UIInterfaceOrientationPortraitUpsideDown UIInterfaceOrientationLandscapeLeft UIInterfaceOrientationLandscapeRight";
				INFOPLIST_KEY_UISupportedInterfaceOrientations_iPhone = "UIInterfaceOrientationPortrait UIInterfaceOrientationLandscapeLeft UIInterfaceOrientationLandscapeRight";
				IPHONEOS_DEPLOYMENT_TARGET = 15.0;
				LD_RUNPATH_SEARCH_PATHS = (
					"$(inherited)",
					"@executable_path/Frameworks",
				);
				MARKETING_VERSION = 1.0;
				PRODUCT_BUNDLE_IDENTIFIER = com.jisuKim.CarrotClone;
				PRODUCT_NAME = "$(TARGET_NAME)";
				SWIFT_EMIT_LOC_STRINGS = YES;
				SWIFT_VERSION = 5.0;
				TARGETED_DEVICE_FAMILY = "1,2";
			};
			name = Debug;
		};
		CD3A5AE9293DEB75004182C8 /* Release */ = {
			isa = XCBuildConfiguration;
			baseConfigurationReference = 96875F8B03686AE777DDA05C /* Pods-CarrotClone.release.xcconfig */;
			buildSettings = {
				ASSETCATALOG_COMPILER_APPICON_NAME = AppIcon;
				ASSETCATALOG_COMPILER_GLOBAL_ACCENT_COLOR_NAME = AccentColor;
				CODE_SIGN_STYLE = Automatic;
				CURRENT_PROJECT_VERSION = 1;
				DEVELOPMENT_TEAM = 846TMZL7WC;
				GENERATE_INFOPLIST_FILE = YES;
				INFOPLIST_FILE = CarrotClone/Info.plist;
				INFOPLIST_KEY_UIApplicationSupportsIndirectInputEvents = YES;
				INFOPLIST_KEY_UILaunchStoryboardName = LaunchScreen;
				INFOPLIST_KEY_UIMainStoryboardFile = Main;
				INFOPLIST_KEY_UISupportedInterfaceOrientations_iPad = "UIInterfaceOrientationPortrait UIInterfaceOrientationPortraitUpsideDown UIInterfaceOrientationLandscapeLeft UIInterfaceOrientationLandscapeRight";
				INFOPLIST_KEY_UISupportedInterfaceOrientations_iPhone = "UIInterfaceOrientationPortrait UIInterfaceOrientationLandscapeLeft UIInterfaceOrientationLandscapeRight";
				IPHONEOS_DEPLOYMENT_TARGET = 15.0;
				LD_RUNPATH_SEARCH_PATHS = (
					"$(inherited)",
					"@executable_path/Frameworks",
				);
				MARKETING_VERSION = 1.0;
				PRODUCT_BUNDLE_IDENTIFIER = com.jisuKim.CarrotClone;
				PRODUCT_NAME = "$(TARGET_NAME)";
				SWIFT_EMIT_LOC_STRINGS = YES;
				SWIFT_VERSION = 5.0;
				TARGETED_DEVICE_FAMILY = "1,2";
			};
			name = Release;
		};
/* End XCBuildConfiguration section */

/* Begin XCConfigurationList section */
		CD3A5ACE293DEB75004182C8 /* Build configuration list for PBXProject "CarrotClone" */ = {
			isa = XCConfigurationList;
			buildConfigurations = (
				CD3A5AE5293DEB75004182C8 /* Debug */,
				CD3A5AE6293DEB75004182C8 /* Release */,
			);
			defaultConfigurationIsVisible = 0;
			defaultConfigurationName = Release;
		};
		CD3A5AE7293DEB75004182C8 /* Build configuration list for PBXNativeTarget "CarrotClone" */ = {
			isa = XCConfigurationList;
			buildConfigurations = (
				CD3A5AE8293DEB75004182C8 /* Debug */,
				CD3A5AE9293DEB75004182C8 /* Release */,
			);
			defaultConfigurationIsVisible = 0;
			defaultConfigurationName = Release;
		};
/* End XCConfigurationList section */
	};
	rootObject = CD3A5ACB293DEB75004182C8 /* Project object */;
}
